{
  "requires": true,
  "lockfileVersion": 1,
  "dependencies": {
    "stjs": {
      "version": "0.0.5",
      "resolved": "https://registry.npmjs.org/stjs/-/stjs-0.0.5.tgz",
      "integrity": "sha512-VZLz4oZmwy6XSegkVaIFeCbBjGTmRd3u5cUJJQMkk2uSgdLLPjIvjPvzQk3KZJOwcZJ8lfQDB6M5eGBwnLsf6Q=="
    }
  }
}
